
Microsoft Visual Studio Solution File, Format Version 12.00
# Visual Studio Version 17
VisualStudioVersion = 17.14.36127.28
MinimumVisualStudioVersion = 10.0.40219.1
Project("{FAE04EC0-301F-11D3-BF4B-00C04F79EFBC}") = "RecipeManager", "RecipeManager.csproj", "{A05BDAF1-E51F-D355-6208-BEFF5B792A18}"
EndProject
Project("{FAE04EC0-301F-11D3-BF4B-00C04F79EFBC}") = "RecipeManager.Test", "..\RecipeManager.Test\RecipeManager.Test.csproj", "{A46C6537-CE7B-46C0-B183-216E30E2F4C6}"
EndProject
Project("{54A90642-561A-4BB1-A94E-469ADEE60C69}") = "recipe-manager-angular", "..\recipe-manager-angular\recipe-manager-angular.esproj", "{CD2C6966-40E7-7651-E528-1AE21316F433}"
EndProject
Global
	GlobalSection(SolutionConfigurationPlatforms) = preSolution
		Debug|Any CPU = Debug|Any CPU
		Release|Any CPU = Release|Any CPU
	EndGlobalSection
	GlobalSection(ProjectConfigurationPlatforms) = postSolution
		{A05BDAF1-E51F-D355-6208-BEFF5B792A18}.Debug|Any CPU.ActiveCfg = Debug|Any CPU
		{A05BDAF1-E51F-D355-6208-BEFF5B792A18}.Debug|Any CPU.Build.0 = Debug|Any CPU
		{A05BDAF1-E51F-D355-6208-BEFF5B792A18}.Release|Any CPU.ActiveCfg = Release|Any CPU
		{A05BDAF1-E51F-D355-6208-BEFF5B792A18}.Release|Any CPU.Build.0 = Release|Any CPU
		{A46C6537-CE7B-46C0-B183-216E30E2F4C6}.Debug|Any CPU.ActiveCfg = Debug|Any CPU
		{A46C6537-CE7B-46C0-B183-216E30E2F4C6}.Debug|Any CPU.Build.0 = Debug|Any CPU
		{A46C6537-CE7B-46C0-B183-216E30E2F4C6}.Release|Any CPU.ActiveCfg = Release|Any CPU
		{A46C6537-CE7B-46C0-B183-216E30E2F4C6}.Release|Any CPU.Build.0 = Release|Any CPU
		{CD2C6966-40E7-7651-E528-1AE21316F433}.Debug|Any CPU.ActiveCfg = Debug|Any CPU
		{CD2C6966-40E7-7651-E528-1AE21316F433}.Debug|Any CPU.Build.0 = Debug|Any CPU
		{CD2C6966-40E7-7651-E528-1AE21316F433}.Debug|Any CPU.Deploy.0 = Debug|Any CPU
		{CD2C6966-40E7-7651-E528-1AE21316F433}.Release|Any CPU.ActiveCfg = Release|Any CPU
		{CD2C6966-40E7-7651-E528-1AE21316F433}.Release|Any CPU.Build.0 = Release|Any CPU
		{CD2C6966-40E7-7651-E528-1AE21316F433}.Release|Any CPU.Deploy.0 = Release|Any CPU
	EndGlobalSection
	GlobalSection(SolutionProperties) = preSolution
		HideSolutionNode = FALSE
	EndGlobalSection
	GlobalSection(ExtensibilityGlobals) = postSolution
		SolutionGuid = {E45FAB4F-1D9C-44F6-92B2-FD43814E09F9}
	EndGlobalSection
EndGlobal
